{
  "nodes": {
    "base16": {
      "inputs": {
        "fromYaml": "fromYaml"
      },
      "locked": {
        "lastModified": 1746562888,
        "narHash": "sha256-YgNJQyB5dQiwavdDFBMNKk1wyS77AtdgDk/VtU6wEaI=",
        "owner": "SenchoPens",
        "repo": "base16.nix",
        "rev": "806a1777a5db2a1ef9d5d6f493ef2381047f2b89",
        "type": "github"
      },
      "original": {
        "owner": "SenchoPens",
        "repo": "base16.nix",
        "type": "github"
      }
    },
    "base16-fish": {
      "flake": false,
      "locked": {
        "lastModified": 1765809053,
        "narHash": "sha256-XCUQLoLfBJ8saWms2HCIj4NEN+xNsWBlU1NrEPcQG4s=",
        "owner": "tomyun",
        "repo": "base16-fish",
        "rev": "86cbea4dca62e08fb7fd83a70e96472f92574782",
        "type": "github"
      },
      "original": {
        "owner": "tomyun",
        "repo": "base16-fish",
        "rev": "86cbea4dca62e08fb7fd83a70e96472f92574782",
        "type": "github"
      }
    },
    "base16-helix": {
      "flake": false,
      "locked": {
        "lastModified": 1748408240,
        "narHash": "sha256-9M2b1rMyMzJK0eusea0x3lyh3mu5nMeEDSc4RZkGm+g=",
        "owner": "tinted-theming",
        "repo": "base16-helix",
        "rev": "6c711ab1a9db6f51e2f6887cc3345530b33e152e",
        "type": "github"
      },
      "original": {
        "owner": "tinted-theming",
        "repo": "base16-helix",
        "type": "github"
      }
    },
    "base16-vim": {
      "flake": false,
      "locked": {
        "lastModified": 1732806396,
        "narHash": "sha256-e0bpPySdJf0F68Ndanwm+KWHgQiZ0s7liLhvJSWDNsA=",
        "owner": "tinted-theming",
        "repo": "base16-vim",
        "rev": "577fe8125d74ff456cf942c733a85d769afe58b7",
        "type": "github"
      },
      "original": {
        "owner": "tinted-theming",
        "repo": "base16-vim",
        "rev": "577fe8125d74ff456cf942c733a85d769afe58b7",
        "type": "github"
      }
    },
    "cocopilot": {
      "inputs": {
        "flake-parts": [
          "flake-parts"
        ],
        "flake-utils": [
          "flake-utils"
        ],
        "gomod2nix": "gomod2nix",
        "nixpkgs": [
          "nixpkgs"
        ],
        "nur": [
          "nur"
        ],
        "systems": [
          "systems"
        ],
        "treefmt-nix": [
          "treefmt-nix"
        ],
        "unstable": [
          "unstable"
        ]
      },
      "locked": {
        "lastModified": 1769821121,
        "narHash": "sha256-364A1nO2TktGw6E8l1hpw8fp1foFKRWirYTmaZSyews=",
        "owner": "wwmoraes",
        "repo": "cocopilot",
        "rev": "98163f95901f397acb6e87684077cb8484aa1811",
        "type": "github"
      },
      "original": {
        "owner": "wwmoraes",
        "repo": "cocopilot",
        "type": "github"
      }
    },
    "crane": {
      "locked": {
        "lastModified": 1765145449,
        "narHash": "sha256-aBVHGWWRzSpfL++LubA0CwOOQ64WNLegrYHwsVuVN7A=",
        "owner": "ipetkov",
        "repo": "crane",
        "rev": "69f538cdce5955fcd47abfed4395dc6d5194c1c5",
        "type": "github"
      },
      "original": {
        "owner": "ipetkov",
        "repo": "crane",
        "type": "github"
      }
    },
    "disko": {
      "inputs": {
        "nixpkgs": "nixpkgs"
      },
      "locked": {
        "lastModified": 1777713215,
        "narHash": "sha256-8GzXDOXckDWwST8TY5DbwYFjdvQLlP7K9CLSVx6iTTo=",
        "owner": "nix-community",
        "repo": "disko",
        "rev": "63b4e7e6cf75307c1d26ac3762b886b5b0247267",
        "type": "github"
      },
      "original": {
        "owner": "nix-community",
        "repo": "disko",
        "type": "github"
      }
    },
    "files": {
      "locked": {
        "lastModified": 1762767848,
        "narHash": "sha256-trF2WXzH57uSkA1zeI8FTz8tU6vPYrklkTjh/7DZy/M=",
        "owner": "mightyiam",
        "repo": "files",
        "rev": "2d9d4937e94006ad8f165dfab9dff87cfab7eb2b",
        "type": "github"
      },
      "original": {
        "owner": "mightyiam",
        "repo": "files",
        "type": "github"
      }
    },
    "firefox-gnome-theme": {
      "flake": false,
      "locked": {
        "lastModified": 1748383148,
        "narHash": "sha256-pGvD/RGuuPf/4oogsfeRaeMm6ipUIznI2QSILKjKzeA=",
        "owner": "rafaelmardojai",
        "repo": "firefox-gnome-theme",
        "rev": "4eb2714fbed2b80e234312611a947d6cb7d70caf",
        "type": "github"
      },
      "original": {
        "owner": "rafaelmardojai",
        "repo": "firefox-gnome-theme",
        "type": "github"
      }
    },
    "flake-compat": {
      "flake": false,
      "locked": {
        "lastModified": 1761588595,
        "narHash": "sha256-XKUZz9zewJNUj46b4AJdiRZJAvSZ0Dqj2BNfXvFlJC4=",
        "owner": "edolstra",
        "repo": "flake-compat",
        "rev": "f387cd2afec9419c8ee37694406ca490c3f34ee5",
        "type": "github"
      },
      "original": {
        "owner": "edolstra",
        "repo": "flake-compat",
        "type": "github"
      }
    },
    "flake-file": {
      "locked": {
        "lastModified": 1769416693,
        "narHash": "sha256-pPNc9y+Vhgf5qw9Qvb+8L7iWedX7dQ/7oRH0QWzwJkg=",
        "owner": "vic",
        "repo": "flake-file",
        "rev": "c09729628983ed1e35c8dd43aa3df91a06f80e65",
        "type": "github"
      },
      "original": {
        "owner": "vic",
        "repo": "flake-file",
        "type": "github"
      }
    },
    "flake-parts": {
      "inputs": {
        "nixpkgs-lib": [
          "nixpkgs-lib"
        ]
      },
      "locked": {
        "lastModified": 1749398372,
        "narHash": "sha256-tYBdgS56eXYaWVW3fsnPQ/nFlgWi/Z2Ymhyu21zVM98=",
        "owner": "hercules-ci",
        "repo": "flake-parts",
        "rev": "9305fe4e5c2a6fcf5ba6a3ff155720fbe4076569",
        "type": "github"
      },
      "original": {
        "owner": "hercules-ci",
        "repo": "flake-parts",
        "type": "github"
      }
    },
    "flake-utils": {
      "inputs": {
        "systems": [
          "systems"
        ]
      },
      "locked": {
        "lastModified": 1731533236,
        "narHash": "sha256-l0KFg5HjrsfsO/JpG+r7fRrqm12kzFHyUHqHCVpMMbI=",
        "owner": "numtide",
        "repo": "flake-utils",
        "rev": "11707dc2f618dd54ca8739b309ec4fc024de578b",
        "type": "github"
      },
      "original": {
        "owner": "numtide",
        "repo": "flake-utils",
        "type": "github"
      }
    },
    "fromYaml": {
      "flake": false,
      "locked": {
        "lastModified": 1731966426,
        "narHash": "sha256-lq95WydhbUTWig/JpqiB7oViTcHFP8Lv41IGtayokA8=",
        "owner": "SenchoPens",
        "repo": "fromYaml",
        "rev": "106af9e2f715e2d828df706c386a685698f3223b",
        "type": "github"
      },
      "original": {
        "owner": "SenchoPens",
        "repo": "fromYaml",
        "type": "github"
      }
    },
    "gitignore": {
      "inputs": {
        "nixpkgs": [
          "lanzaboote",
          "pre-commit",
          "nixpkgs"
        ]
      },
      "locked": {
        "lastModified": 1709087332,
        "narHash": "sha256-HG2cCnktfHsKV0s4XW83gU3F57gaTljL9KNSuG6bnQs=",
        "owner": "hercules-ci",
        "repo": "gitignore.nix",
        "rev": "637db329424fd7e46cf4185293b9cc8c88c95394",
        "type": "github"
      },
      "original": {
        "owner": "hercules-ci",
        "repo": "gitignore.nix",
        "type": "github"
      }
    },
    "gnome-shell": {
      "flake": false,
      "locked": {
        "lastModified": 1769977580,
        "narHash": "sha256-tVAHBKy6QnJ3NwZC7i9ZH3NcNLxoyf0eEfld5Cc51IU=",
        "owner": "GNOME",
        "repo": "gnome-shell",
        "rev": "6f8db797cdb00a4dc70897a0b6a04f31e127b26f",
        "type": "github"
      },
      "original": {
        "owner": "GNOME",
        "repo": "gnome-shell",
        "type": "github"
      }
    },
    "gomod2nix": {
      "inputs": {
        "flake-utils": [
          "cocopilot",
          "flake-utils"
        ],
        "nixpkgs": [
          "cocopilot",
          "nixpkgs"
        ]
      },
      "locked": {
        "lastModified": 1767019875,
        "narHash": "sha256-NodN+lhWTD59b44Q2bPjE1edINfjfRkQYdZsrxifCeU=",
        "owner": "tweag",
        "repo": "gomod2nix",
        "rev": "49662a44272806ff785df2990a420edaaca15db4",
        "type": "github"
      },
      "original": {
        "owner": "tweag",
        "repo": "gomod2nix",
        "type": "github"
      }
    },
    "home-manager": {
      "inputs": {
        "nixpkgs": [
          "nixpkgs"
        ]
      },
      "locked": {
        "lastModified": 1766553861,
        "narHash": "sha256-ZbnG01yA3O8Yr1vUm3+NQ2qk9iRhS5bloAnuXHHy7+c=",
        "owner": "nix-community",
        "repo": "home-manager",
        "rev": "0999ed8f965bbbd991437ad9c5ed3434cecbc30e",
        "type": "github"
      },
      "original": {
        "owner": "nix-community",
        "ref": "release-25.11",
        "repo": "home-manager",
        "type": "github"
      }
    },
    "homebrew-brew": {
      "flake": false,
      "locked": {
        "lastModified": 1778263932,
        "narHash": "sha256-f1Qnk2qwoYdOaKk1a14HeqplWFs6c7pJiFG4kZ49XE4=",
        "owner": "Homebrew",
        "repo": "brew",
        "rev": "2b422bebcb8156d0ad5f8cfd3c78495f6430aec4",
        "type": "github"
      },
      "original": {
        "owner": "Homebrew",
        "repo": "brew",
        "type": "github"
      }
    },
    "homebrew-cask": {
      "flake": false,
      "locked": {
        "lastModified": 1778282525,
        "narHash": "sha256-FuM5XQDDkOZC1F7D1S3mesWshEwdhDTBkBuEUV+J29g=",
        "owner": "homebrew",
        "repo": "homebrew-cask",
        "rev": "be239533b25436c7d39ceadc19bb9b5fffc0d428",
        "type": "github"
      },
      "original": {
        "owner": "homebrew",
        "repo": "homebrew-cask",
        "type": "github"
      }
    },
    "homebrew-core": {
      "flake": false,
      "locked": {
        "lastModified": 1778281324,
        "narHash": "sha256-M6AzY6koAxHx1/xfdG3xI6fu7h22C0PQY5wLigbxc+U=",
        "owner": "homebrew",
        "repo": "homebrew-core",
        "rev": "ace56d53943971d35bd6778dc35c93d12cac2dbe",
        "type": "github"
      },
      "original": {
        "owner": "homebrew",
        "repo": "homebrew-core",
        "type": "github"
      }
    },
    "import-tree": {
      "locked": {
        "lastModified": 1763762820,
        "narHash": "sha256-ZvYKbFib3AEwiNMLsejb/CWs/OL/srFQ8AogkebEPF0=",
        "owner": "vic",
        "repo": "import-tree",
        "rev": "3c23749d8013ec6daa1d7255057590e9ca726646",
        "type": "github"
      },
      "original": {
        "owner": "vic",
        "repo": "import-tree",
        "type": "github"
      }
    },
    "lanzaboote": {
      "inputs": {
        "crane": "crane",
        "nixpkgs": [
          "nixpkgs"
        ],
        "pre-commit": "pre-commit",
        "rust-overlay": "rust-overlay"
      },
      "locked": {
        "lastModified": 1765382359,
        "narHash": "sha256-RJmgVDzjRI18BWVogG6wpsl1UCuV6ui8qr4DJ1LfWZ8=",
        "owner": "nix-community",
        "repo": "lanzaboote",
        "rev": "e8c096ade12ec9130ff931b0f0e25d2f1bc63607",
        "type": "github"
      },
      "original": {
        "owner": "nix-community",
        "ref": "v1.0.0",
        "repo": "lanzaboote",
        "type": "github"
      }
    },
    "nix-darwin": {
      "inputs": {
        "nixpkgs": [
          "nixpkgs"
        ]
      },
      "locked": {
        "lastModified": 1765066094,
        "narHash": "sha256-0YSU35gfRFJzx/lTGgOt6ubP8K6LeW0vaywzNNqxkl4=",
        "owner": "nix-darwin",
        "repo": "nix-darwin",
        "rev": "688427b1aab9afb478ca07989dc754fa543e03d5",
        "type": "github"
      },
      "original": {
        "owner": "nix-darwin",
        "ref": "nix-darwin-25.11",
        "repo": "nix-darwin",
        "type": "github"
      }
    },
    "nix-homebrew": {
      "inputs": {
        "brew-src": [
          "homebrew-brew"
        ]
      },
      "locked": {
        "lastModified": 1777250621,
        "narHash": "sha256-WynkkG0hdZ5niYPJUbVg7oMfu8MVwGGzKZ6lKmfa+O8=",
        "owner": "zhaofengli",
        "repo": "nix-homebrew",
        "rev": "aeb2069920742d0d6570089e8b3b8620050bacf2",
        "type": "github"
      },
      "original": {
        "owner": "zhaofengli",
        "repo": "nix-homebrew",
        "type": "github"
      }
    },
    "nix-mineral": {
      "flake": false,
      "locked": {
        "lastModified": 1761443828,
        "narHash": "sha256-Dh6zq3IvLjU3wkmoM/5oVTQ0tIBn6Rm1KJ0Ri4k0yQQ=",
        "owner": "cynicsketch",
        "repo": "nix-mineral",
        "rev": "395384ceabc7f1b04dc32fa92654f3cc3294f330",
        "type": "github"
      },
      "original": {
        "owner": "cynicsketch",
        "repo": "nix-mineral",
        "type": "github"
      }
    },
    "nixpkgs": {
      "locked": {
        "lastModified": 1773628058,
        "narHash": "sha256-hpXH0z3K9xv0fHaje136KY872VT2T5uwxtezlAskQgY=",
        "owner": "NixOS",
        "repo": "nixpkgs",
        "rev": "f8573b9c935cfaa162dd62cc9e75ae2db86f85df",
        "type": "github"
      },
      "original": {
        "owner": "NixOS",
        "ref": "nixpkgs-unstable",
        "repo": "nixpkgs",
        "type": "github"
      }
    },
    "nixpkgs_2": {
      "locked": {
        "lastModified": 1778159843,
        "narHash": "sha256-pdnGzO8u9zR+MaU0Dw+tUWaNWsjojdFa+YHcROnAFDE=",
        "owner": "NixOS",
        "repo": "nixpkgs",
        "rev": "f58dee32f4f9ae638120f36116c4fedfec99278c",
        "type": "github"
      },
      "original": {
        "owner": "NixOS",
        "ref": "release-25.11",
        "repo": "nixpkgs",
        "type": "github"
      }
    },
    "nur": {
      "inputs": {
        "flake-parts": [
          "flake-parts"
        ],
        "nixpkgs": [
          "nixpkgs"
        ]
      },
      "locked": {
        "lastModified": 1779198268,
        "narHash": "sha256-v83Ri37cD4f4cfYuXm9XhUavcp7UJmOiypAafi64/NA=",
        "owner": "nix-community",
        "repo": "NUR",
        "rev": "25413609751dd974d5c21c74241a9309b892d0ec",
        "type": "github"
      },
      "original": {
        "owner": "nix-community",
        "repo": "NUR",
        "type": "github"
      }
    },
    "pre-commit": {
      "inputs": {
        "flake-compat": "flake-compat",
        "gitignore": "gitignore",
        "nixpkgs": [
          "lanzaboote",
          "nixpkgs"
        ]
      },
      "locked": {
        "lastModified": 1765016596,
        "narHash": "sha256-rhSqPNxDVow7OQKi4qS5H8Au0P4S3AYbawBSmJNUtBQ=",
        "owner": "cachix",
        "repo": "pre-commit-hooks.nix",
        "rev": "548fc44fca28a5e81c5d6b846e555e6b9c2a5a3c",
        "type": "github"
      },
      "original": {
        "owner": "cachix",
        "repo": "pre-commit-hooks.nix",
        "type": "github"
      }
    },
    "root": {
      "inputs": {
        "cocopilot": "cocopilot",
        "disko": "disko",
        "files": "files",
        "flake-file": "flake-file",
        "flake-parts": "flake-parts",
        "flake-utils": "flake-utils",
        "gnome-shell": "gnome-shell",
        "home-manager": "home-manager",
        "homebrew-brew": "homebrew-brew",
        "homebrew-cask": "homebrew-cask",
        "homebrew-core": "homebrew-core",
        "import-tree": "import-tree",
        "lanzaboote": "lanzaboote",
        "nix-darwin": "nix-darwin",
        "nix-homebrew": "nix-homebrew",
        "nix-mineral": "nix-mineral",
        "nixpkgs": "nixpkgs_2",
        "nixpkgs-lib": [
          "nixpkgs"
        ],
        "nur": "nur",
        "sops-nix": "sops-nix",
        "stylix": "stylix",
        "systems": "systems",
        "templates": "templates",
        "tinted-theming": "tinted-theming",
        "treefmt-nix": "treefmt-nix",
        "unstable": "unstable",
        "wwmoraes-tap": "wwmoraes-tap"
      }
    },
    "rust-overlay": {
      "inputs": {
        "nixpkgs": [
          "lanzaboote",
          "nixpkgs"
        ]
      },
      "locked": {
        "lastModified": 1765075567,
        "narHash": "sha256-KFDCdQcHJ0hE3Nt5Gm5enRIhmtEifAjpxgUQ3mzSJpA=",
        "owner": "oxalica",
        "repo": "rust-overlay",
        "rev": "769156779b41e8787a46ca3d7d76443aaf68be6f",
        "type": "github"
      },
      "original": {
        "owner": "oxalica",
        "repo": "rust-overlay",
        "type": "github"
      }
    },
    "sops-nix": {
      "inputs": {
        "nixpkgs": [
          "nixpkgs"
        ]
      },
      "locked": {
        "lastModified": 1750119275,
        "narHash": "sha256-Rr7Pooz9zQbhdVxux16h7URa6mA80Pb/G07T4lHvh0M=",
        "owner": "Mic92",
        "repo": "sops-nix",
        "rev": "77c423a03b9b2b79709ea2cb63336312e78b72e2",
        "type": "github"
      },
      "original": {
        "owner": "Mic92",
        "repo": "sops-nix",
        "type": "github"
      }
    },
    "stylix": {
      "inputs": {
        "base16": "base16",
        "base16-fish": "base16-fish",
        "base16-helix": "base16-helix",
        "base16-vim": "base16-vim",
        "firefox-gnome-theme": "firefox-gnome-theme",
        "flake-parts": [
          "flake-parts"
        ],
        "gnome-shell": [
          "gnome-shell"
        ],
        "nixpkgs": [
          "nixpkgs"
        ],
        "nur": [
          "nur"
        ],
        "systems": [
          "systems"
        ],
        "tinted-foot": "tinted-foot",
        "tinted-kitty": "tinted-kitty",
        "tinted-schemes": "tinted-schemes",
        "tinted-tmux": "tinted-tmux",
        "tinted-zed": "tinted-zed"
      },
      "locked": {
        "lastModified": 1766515275,
        "narHash": "sha256-2iOwFYtsU2d5Np2pN5cDtPRrs9KswTjP+fVEXk+9QqI=",
        "owner": "danth",
        "repo": "stylix",
        "rev": "c97b7b37b2d068b98271dce203857325abf58fb6",
        "type": "github"
      },
      "original": {
        "owner": "danth",
        "ref": "release-25.11",
        "repo": "stylix",
        "type": "github"
      }
    },
    "systems": {
      "locked": {
        "lastModified": 1681028828,
        "narHash": "sha256-Vy1rq5AaRuLzOxct8nz4T6wlgyUR7zLU309k9mBC768=",
        "owner": "nix-systems",
        "repo": "default",
        "rev": "da67096a3b9bf56a91d16901293e51ba5b49a27e",
        "type": "github"
      },
      "original": {
        "owner": "nix-systems",
        "repo": "default",
        "type": "github"
      }
    },
    "templates": {
      "inputs": {
        "flake-parts": [
          "flake-parts"
        ],
        "nixpkgs": [
          "nixpkgs"
        ],
        "systems": [
          "systems"
        ],
        "treefmt-nix": [
          "treefmt-nix"
        ]
      },
      "locked": {
        "lastModified": 1755630833,
        "narHash": "sha256-Jhe/gZJ0uFmnGBjGc27zfwLdSsH4RmICeukU2ubLR90=",
        "owner": "wwmoraes",
        "repo": "templates",
        "rev": "b6431bfd185e633f5fe7472d088063a224cc8bda",
        "type": "github"
      },
      "original": {
        "owner": "wwmoraes",
        "repo": "templates",
        "type": "github"
      }
    },
    "tinted-foot": {
      "flake": false,
      "locked": {
        "lastModified": 1726913040,
        "narHash": "sha256-+eDZPkw7efMNUf3/Pv0EmsidqdwNJ1TaOum6k7lngDQ=",
        "owner": "tinted-theming",
        "repo": "tinted-foot",
        "rev": "fd1b924b6c45c3e4465e8a849e67ea82933fcbe4",
        "type": "github"
      },
      "original": {
        "owner": "tinted-theming",
        "repo": "tinted-foot",
        "rev": "fd1b924b6c45c3e4465e8a849e67ea82933fcbe4",
        "type": "github"
      }
    },
    "tinted-kitty": {
      "flake": false,
      "locked": {
        "lastModified": 1735730497,
        "narHash": "sha256-4KtB+FiUzIeK/4aHCKce3V9HwRvYaxX+F1edUrfgzb8=",
        "owner": "tinted-theming",
        "repo": "tinted-kitty",
        "rev": "de6f888497f2c6b2279361bfc790f164bfd0f3fa",
        "type": "github"
      },
      "original": {
        "owner": "tinted-theming",
        "repo": "tinted-kitty",
        "type": "github"
      }
    },
    "tinted-schemes": {
      "flake": false,
      "locked": {
        "lastModified": 1750770351,
        "narHash": "sha256-LI+BnRoFNRa2ffbe3dcuIRYAUcGklBx0+EcFxlHj0SY=",
        "owner": "tinted-theming",
        "repo": "schemes",
        "rev": "5a775c6ffd6e6125947b393872cde95867d85a2a",
        "type": "github"
      },
      "original": {
        "owner": "tinted-theming",
        "repo": "schemes",
        "type": "github"
      }
    },
    "tinted-theming": {
      "flake": false,
      "locked": {
        "lastModified": 1767895454,
        "narHash": "sha256-kKUjOPC5UKZfWAtI7Drj+wB+zGs17J61kg7FH3j7Et8=",
        "owner": "tinted-theming",
        "repo": "schemes",
        "rev": "0c25cbcb7bc5e656577f60adf25be5011feabbe5",
        "type": "github"
      },
      "original": {
        "owner": "tinted-theming",
        "ref": "spec-0.11",
        "repo": "schemes",
        "type": "github"
      }
    },
    "tinted-tmux": {
      "flake": false,
      "locked": {
        "lastModified": 1751159871,
        "narHash": "sha256-UOHBN1fgHIEzvPmdNMHaDvdRMgLmEJh2hNmDrp3d3LE=",
        "owner": "tinted-theming",
        "repo": "tinted-tmux",
        "rev": "bded5e24407cec9d01bd47a317d15b9223a1546c",
        "type": "github"
      },
      "original": {
        "owner": "tinted-theming",
        "repo": "tinted-tmux",
        "type": "github"
      }
    },
    "tinted-zed": {
      "flake": false,
      "locked": {
        "lastModified": 1751158968,
        "narHash": "sha256-ksOyv7D3SRRtebpXxgpG4TK8gZSKFc4TIZpR+C98jX8=",
        "owner": "tinted-theming",
        "repo": "base16-zed",
        "rev": "86a470d94204f7652b906ab0d378e4231a5b3384",
        "type": "github"
      },
      "original": {
        "owner": "tinted-theming",
        "repo": "base16-zed",
        "type": "github"
      }
    },
    "treefmt-nix": {
      "inputs": {
        "nixpkgs": [
          "nixpkgs"
        ]
      },
      "locked": {
        "lastModified": 1752055615,
        "narHash": "sha256-19m7P4O/Aw/6+CzncWMAJu89JaKeMh3aMle1CNQSIwM=",
        "owner": "numtide",
        "repo": "treefmt-nix",
        "rev": "c9d477b5d5bd7f26adddd3f96cfd6a904768d4f9",
        "type": "github"
      },
      "original": {
        "owner": "numtide",
        "repo": "treefmt-nix",
        "type": "github"
      }
    },
    "unstable": {
      "locked": {
        "lastModified": 1774273680,
        "narHash": "sha256-a++tZ1RQsDb1I0NHrFwdGuRlR5TORvCEUksM459wKUA=",
        "owner": "NixOS",
        "repo": "nixpkgs",
        "rev": "fdc7b8f7b30fdbedec91b71ed82f36e1637483ed",
        "type": "github"
      },
      "original": {
        "owner": "NixOS",
        "ref": "nixpkgs-unstable",
        "repo": "nixpkgs",
        "type": "github"
      }
    },
    "wwmoraes-tap": {
      "flake": false,
      "locked": {
        "lastModified": 1727370822,
        "narHash": "sha256-4LJFwTJRJrRqaYiWafF4/h5eX3WgyVAIhEqbjmHM4EE=",
        "owner": "wwmoraes",
        "repo": "homebrew-tap",
        "rev": "c72e57fd1ed0386b97fe36cbe778e6f0e3e3162f",
        "type": "github"
      },
      "original": {
        "owner": "wwmoraes",
        "repo": "homebrew-tap",
        "type": "github"
      }
    }
  },
  "root": "root",
  "version": 7
}
